
Microsoft Visual Studio Solution File, Format Version 12.00
# Visual Studio Version 17
VisualStudioVersion = 17.1.32328.378
MinimumVisualStudioVersion = 10.0.40219.1
Project("{8BC9CEB8-8B4A-11D0-8D11-00A0C91BC942}") = "NativeOBS", "NativeOBS\NativeOBS.vcxproj", "{48D33263-F5A7-4529-A0FB-A5FCA72B7767}"
EndProject
Project("{8BC9CEB8-8B4A-11D0-8D11-00A0C91BC942}") = "VirtualOutput", "VirtualOutput\VirtualOutput.vcxproj", "{D25AB49C-5E45-4511-8A86-B5B20CDF2416}"
EndProject
Project("{9A19103F-16F7-4668-BE54-9A1E7A4F7556}") = "TestImageOutput", "Test\TestImageOutput\TestImageOutput.csproj", "{4B37A336-F19D-40AF-B98B-3FB771F9DCA9}"
EndProject
Project("{2150E333-8FDC-42A3-9474-1A3956D46DE8}") = "Examples", "Examples", "{FAFB6D48-FA56-47A9-A5F2-3D13A693B09C}"
EndProject
Project("{9A19103F-16F7-4668-BE54-9A1E7A4F7556}") = "TestOutputGif", "Test\TestOutputGif\TestOutputGif.csproj", "{AB2C0462-BD2C-4993-A2E6-72B444E833E4}"
EndProject
Project("{9A19103F-16F7-4668-BE54-9A1E7A4F7556}") = "VirtualCameraOutput.Extensions", "VirtualCameraOutput.Extensions\VirtualCameraOutput.Extensions.csproj", "{D50B0804-FB7D-4F3E-BBAA-0176E3042AE5}"
EndProject
Global
	GlobalSection(SolutionConfigurationPlatforms) = preSolution
		Debug|Any CPU = Debug|Any CPU
		Debug|x64 = Debug|x64
		Debug|x86 = Debug|x86
		Release|Any CPU = Release|Any CPU
		Release|x64 = Release|x64
		Release|x86 = Release|x86
	EndGlobalSection
	GlobalSection(ProjectConfigurationPlatforms) = postSolution
		{48D33263-F5A7-4529-A0FB-A5FCA72B7767}.Debug|Any CPU.ActiveCfg = Debug|Win32
		{48D33263-F5A7-4529-A0FB-A5FCA72B7767}.Debug|x64.ActiveCfg = Debug|x64
		{48D33263-F5A7-4529-A0FB-A5FCA72B7767}.Debug|x64.Build.0 = Debug|x64
		{48D33263-F5A7-4529-A0FB-A5FCA72B7767}.Debug|x86.ActiveCfg = Debug|Win32
		{48D33263-F5A7-4529-A0FB-A5FCA72B7767}.Debug|x86.Build.0 = Debug|Win32
		{48D33263-F5A7-4529-A0FB-A5FCA72B7767}.Release|Any CPU.ActiveCfg = Release|Win32
		{48D33263-F5A7-4529-A0FB-A5FCA72B7767}.Release|x64.ActiveCfg = Release|x64
		{48D33263-F5A7-4529-A0FB-A5FCA72B7767}.Release|x64.Build.0 = Release|x64
		{48D33263-F5A7-4529-A0FB-A5FCA72B7767}.Release|x86.ActiveCfg = Release|Win32
		{48D33263-F5A7-4529-A0FB-A5FCA72B7767}.Release|x86.Build.0 = Release|Win32
		{D25AB49C-5E45-4511-8A86-B5B20CDF2416}.Debug|Any CPU.ActiveCfg = Debug|Win32
		{D25AB49C-5E45-4511-8A86-B5B20CDF2416}.Debug|x64.ActiveCfg = Debug|x64
		{D25AB49C-5E45-4511-8A86-B5B20CDF2416}.Debug|x64.Build.0 = Debug|x64
		{D25AB49C-5E45-4511-8A86-B5B20CDF2416}.Debug|x86.ActiveCfg = Debug|Win32
		{D25AB49C-5E45-4511-8A86-B5B20CDF2416}.Debug|x86.Build.0 = Debug|Win32
		{D25AB49C-5E45-4511-8A86-B5B20CDF2416}.Release|Any CPU.ActiveCfg = Release|Win32
		{D25AB49C-5E45-4511-8A86-B5B20CDF2416}.Release|x64.ActiveCfg = Release|x64
		{D25AB49C-5E45-4511-8A86-B5B20CDF2416}.Release|x64.Build.0 = Release|x64
		{D25AB49C-5E45-4511-8A86-B5B20CDF2416}.Release|x86.ActiveCfg = Release|Win32
		{D25AB49C-5E45-4511-8A86-B5B20CDF2416}.Release|x86.Build.0 = Release|Win32
		{4B37A336-F19D-40AF-B98B-3FB771F9DCA9}.Debug|Any CPU.ActiveCfg = Debug|Any CPU
		{4B37A336-F19D-40AF-B98B-3FB771F9DCA9}.Debug|Any CPU.Build.0 = Debug|Any CPU
		{4B37A336-F19D-40AF-B98B-3FB771F9DCA9}.Debug|x64.ActiveCfg = Debug|x64
		{4B37A336-F19D-40AF-B98B-3FB771F9DCA9}.Debug|x64.Build.0 = Debug|x64
		{4B37A336-F19D-40AF-B98B-3FB771F9DCA9}.Debug|x86.ActiveCfg = Debug|x86
		{4B37A336-F19D-40AF-B98B-3FB771F9DCA9}.Debug|x86.Build.0 = Debug|x86
		{4B37A336-F19D-40AF-B98B-3FB771F9DCA9}.Release|Any CPU.ActiveCfg = Release|Any CPU
		{4B37A336-F19D-40AF-B98B-3FB771F9DCA9}.Release|Any CPU.Build.0 = Release|Any CPU
		{4B37A336-F19D-40AF-B98B-3FB771F9DCA9}.Release|x64.ActiveCfg = Release|Any CPU
		{4B37A336-F19D-40AF-B98B-3FB771F9DCA9}.Release|x64.Build.0 = Release|Any CPU
		{4B37A336-F19D-40AF-B98B-3FB771F9DCA9}.Release|x86.ActiveCfg = Release|Any CPU
		{4B37A336-F19D-40AF-B98B-3FB771F9DCA9}.Release|x86.Build.0 = Release|Any CPU
		{AB2C0462-BD2C-4993-A2E6-72B444E833E4}.Debug|Any CPU.ActiveCfg = Debug|Any CPU
		{AB2C0462-BD2C-4993-A2E6-72B444E833E4}.Debug|Any CPU.Build.0 = Debug|Any CPU
		{AB2C0462-BD2C-4993-A2E6-72B444E833E4}.Debug|x64.ActiveCfg = Debug|x64
		{AB2C0462-BD2C-4993-A2E6-72B444E833E4}.Debug|x64.Build.0 = Debug|x64
		{AB2C0462-BD2C-4993-A2E6-72B444E833E4}.Debug|x86.ActiveCfg = Debug|x86
		{AB2C0462-BD2C-4993-A2E6-72B444E833E4}.Debug|x86.Build.0 = Debug|x86
		{AB2C0462-BD2C-4993-A2E6-72B444E833E4}.Release|Any CPU.ActiveCfg = Release|Any CPU
		{AB2C0462-BD2C-4993-A2E6-72B444E833E4}.Release|Any CPU.Build.0 = Release|Any CPU
		{AB2C0462-BD2C-4993-A2E6-72B444E833E4}.Release|x64.ActiveCfg = Release|Any CPU
		{AB2C0462-BD2C-4993-A2E6-72B444E833E4}.Release|x64.Build.0 = Release|Any CPU
		{AB2C0462-BD2C-4993-A2E6-72B444E833E4}.Release|x86.ActiveCfg = Release|Any CPU
		{AB2C0462-BD2C-4993-A2E6-72B444E833E4}.Release|x86.Build.0 = Release|Any CPU
		{D50B0804-FB7D-4F3E-BBAA-0176E3042AE5}.Debug|Any CPU.ActiveCfg = Debug|Any CPU
		{D50B0804-FB7D-4F3E-BBAA-0176E3042AE5}.Debug|Any CPU.Build.0 = Debug|Any CPU
		{D50B0804-FB7D-4F3E-BBAA-0176E3042AE5}.Debug|x64.ActiveCfg = Debug|Any CPU
		{D50B0804-FB7D-4F3E-BBAA-0176E3042AE5}.Debug|x64.Build.0 = Debug|Any CPU
		{D50B0804-FB7D-4F3E-BBAA-0176E3042AE5}.Debug|x86.ActiveCfg = Debug|Any CPU
		{D50B0804-FB7D-4F3E-BBAA-0176E3042AE5}.Debug|x86.Build.0 = Debug|Any CPU
		{D50B0804-FB7D-4F3E-BBAA-0176E3042AE5}.Release|Any CPU.ActiveCfg = Release|Any CPU
		{D50B0804-FB7D-4F3E-BBAA-0176E3042AE5}.Release|Any CPU.Build.0 = Release|Any CPU
		{D50B0804-FB7D-4F3E-BBAA-0176E3042AE5}.Release|x64.ActiveCfg = Release|Any CPU
		{D50B0804-FB7D-4F3E-BBAA-0176E3042AE5}.Release|x64.Build.0 = Release|Any CPU
		{D50B0804-FB7D-4F3E-BBAA-0176E3042AE5}.Release|x86.ActiveCfg = Release|Any CPU
		{D50B0804-FB7D-4F3E-BBAA-0176E3042AE5}.Release|x86.Build.0 = Release|Any CPU
	EndGlobalSection
	GlobalSection(SolutionProperties) = preSolution
		HideSolutionNode = FALSE
	EndGlobalSection
	GlobalSection(NestedProjects) = preSolution
		{4B37A336-F19D-40AF-B98B-3FB771F9DCA9} = {FAFB6D48-FA56-47A9-A5F2-3D13A693B09C}
		{AB2C0462-BD2C-4993-A2E6-72B444E833E4} = {FAFB6D48-FA56-47A9-A5F2-3D13A693B09C}
	EndGlobalSection
	GlobalSection(ExtensibilityGlobals) = postSolution
		SolutionGuid = {4D9EB4D4-AF33-4236-8766-53C16C9CEBFE}
	EndGlobalSection
EndGlobal
